
Microsoft Visual Studio Solution File, Format Version 12.00
# Visual Studio 15
Project("{FAE04EC0-301F-11D3-BF4B-00C04F79EFBC}") = "ComDevelop", "ComDevelop.csproj", "{350639BB-FCB2-B227-2185-2672811992FC}"
EndProject
Project("{FAE04EC0-301F-11D3-BF4B-00C04F79EFBC}") = "ComDevelop.Editor", "ComDevelop.Editor.csproj", "{DE7DB58C-339B-2F4D-DD1F-27418FF505F6}"
EndProject
Global
	GlobalSection(SolutionConfigurationPlatforms) = preSolution
		Debug|Any CPU = Debug|Any CPU
		Release|Any CPU = Release|Any CPU
	EndGlobalSection
	GlobalSection(ProjectConfigurationPlatforms) = postSolution
		{350639BB-FCB2-B227-2185-2672811992FC}.Debug|Any CPU.ActiveCfg = Debug|Any CPU
		{350639BB-FCB2-B227-2185-2672811992FC}.Debug|Any CPU.Build.0 = Debug|Any CPU
		{350639BB-FCB2-B227-2185-2672811992FC}.Release|Any CPU.ActiveCfg = Release|Any CPU
		{350639BB-FCB2-B227-2185-2672811992FC}.Release|Any CPU.Build.0 = Release|Any CPU
		{DE7DB58C-339B-2F4D-DD1F-27418FF505F6}.Debug|Any CPU.ActiveCfg = Debug|Any CPU
		{DE7DB58C-339B-2F4D-DD1F-27418FF505F6}.Debug|Any CPU.Build.0 = Debug|Any CPU
		{DE7DB58C-339B-2F4D-DD1F-27418FF505F6}.Release|Any CPU.ActiveCfg = Release|Any CPU
		{DE7DB58C-339B-2F4D-DD1F-27418FF505F6}.Release|Any CPU.Build.0 = Release|Any CPU
	EndGlobalSection
	GlobalSection(SolutionProperties) = preSolution
		HideSolutionNode = FALSE
	EndGlobalSection
EndGlobal
