
Microsoft Visual Studio Solution File, Format Version 11.00
# Visual Studio 2010
Project("{FAE04EC0-301F-11D3-BF4B-00C04F79EFBC}") = "Assembly-CSharp", "Assembly-CSharp.csproj", "{F86CFBFF-4B54-E132-C0DD-D0DD64833A4C}"
EndProject
Project("{FAE04EC0-301F-11D3-BF4B-00C04F79EFBC}") = "Assembly-CSharp-Editor", "Assembly-CSharp-Editor.csproj", "{158AC8DD-A7F7-0236-7092-5CFCCFD20300}"
EndProject
Global
	GlobalSection(SolutionConfigurationPlatforms) = preSolution
		Debug|Any CPU = Debug|Any CPU
		Release|Any CPU = Release|Any CPU
	EndGlobalSection
	GlobalSection(ProjectConfigurationPlatforms) = postSolution
		{F86CFBFF-4B54-E132-C0DD-D0DD64833A4C}.Debug|Any CPU.ActiveCfg = Debug|Any CPU
		{F86CFBFF-4B54-E132-C0DD-D0DD64833A4C}.Debug|Any CPU.Build.0 = Debug|Any CPU
		{F86CFBFF-4B54-E132-C0DD-D0DD64833A4C}.Release|Any CPU.ActiveCfg = Release|Any CPU
		{F86CFBFF-4B54-E132-C0DD-D0DD64833A4C}.Release|Any CPU.Build.0 = Release|Any CPU
		{158AC8DD-A7F7-0236-7092-5CFCCFD20300}.Debug|Any CPU.ActiveCfg = Debug|Any CPU
		{158AC8DD-A7F7-0236-7092-5CFCCFD20300}.Debug|Any CPU.Build.0 = Debug|Any CPU
		{158AC8DD-A7F7-0236-7092-5CFCCFD20300}.Release|Any CPU.ActiveCfg = Release|Any CPU
		{158AC8DD-A7F7-0236-7092-5CFCCFD20300}.Release|Any CPU.Build.0 = Release|Any CPU
	EndGlobalSection
	GlobalSection(SolutionProperties) = preSolution
		HideSolutionNode = FALSE
	EndGlobalSection
	GlobalSection(MonoDevelopProperties) = preSolution
		StartupItem = Assembly-CSharp.csproj
	EndGlobalSection
EndGlobal
